
Microsoft Visual Studio Solution File, Format Version 12.00
# Visual Studio Version 16
VisualStudioVersion = 16.0.31613.86
MinimumVisualStudioVersion = 10.0.40219.1
Project("{FAE04EC0-301F-11D3-BF4B-00C04F79EFBC}") = "FilmesAPI", "FilmesAPI\FilmesAPI.csproj", "{57D2DA8C-2006-4D3A-876F-CA93D77E2234}"
EndProject
Global
	GlobalSection(SolutionConfigurationPlatforms) = preSolution
		Debug|Any CPU = Debug|Any CPU
		Release|Any CPU = Release|Any CPU
	EndGlobalSection
	GlobalSection(ProjectConfigurationPlatforms) = postSolution
		{57D2DA8C-2006-4D3A-876F-CA93D77E2234}.Debug|Any CPU.ActiveCfg = Debug|Any CPU
		{57D2DA8C-2006-4D3A-876F-CA93D77E2234}.Debug|Any CPU.Build.0 = Debug|Any CPU
		{57D2DA8C-2006-4D3A-876F-CA93D77E2234}.Release|Any CPU.ActiveCfg = Release|Any CPU
		{57D2DA8C-2006-4D3A-876F-CA93D77E2234}.Release|Any CPU.Build.0 = Release|Any CPU
	EndGlobalSection
	GlobalSection(SolutionProperties) = preSolution
		HideSolutionNode = FALSE
	EndGlobalSection
	GlobalSection(ExtensibilityGlobals) = postSolution
		SolutionGuid = {64C818C1-E990-4B70-AF39-2A434802D1AA}
	EndGlobalSection
EndGlobal
